// !$*UTF8*$!
{
	archiveVersion = 1;
	classes = {
	};
	objectVersion = 56;
	objects = {

/* Begin PBXBuildFile section */
		22093E252BF54D6C0059FC11 /* UserProfileCurrentBeltView.swift in Sources */ = {isa = PBXBuildFile; fileRef = 22093E242BF54D6C0059FC11 /* UserProfileCurrentBeltView.swift */; };
		220CFC232BFBD736002F3415 /* Belts.swift in Sources */ = {isa = PBXBuildFile; fileRef = 220CFC222BFBD736002F3415 /* Belts.swift */; };
		220CFC262BFBF1BA002F3415 /* String.swift in Sources */ = {isa = PBXBuildFile; fileRef = 220CFC252BFBF1BA002F3415 /* String.swift */; };
		220CFC292BFBF32F002F3415 /* Localizable.strings in Resources */ = {isa = PBXBuildFile; fileRef = 220CFC272BFBF32F002F3415 /* Localizable.strings */; };
		221D72FD2BF8E35600D7DCEC /* Observable.swift in Sources */ = {isa = PBXBuildFile; fileRef = 221D72FC2BF8E35600D7DCEC /* Observable.swift */; };
		221D73002BF8E70E00D7DCEC /* UserProfileViewModel.swift in Sources */ = {isa = PBXBuildFile; fileRef = 221D72FF2BF8E70E00D7DCEC /* UserProfileViewModel.swift */; };
		22BFD5542BF3DE610064E051 /* AppDelegate.swift in Sources */ = {isa = PBXBuildFile; fileRef = 22BFD5532BF3DE610064E051 /* AppDelegate.swift */; };
		22BFD5562BF3DE610064E051 /* SceneDelegate.swift in Sources */ = {isa = PBXBuildFile; fileRef = 22BFD5552BF3DE610064E051 /* SceneDelegate.swift */; };
		22BFD5582BF3DE610064E051 /* UserProfileViewController.swift in Sources */ = {isa = PBXBuildFile; fileRef = 22BFD5572BF3DE610064E051 /* UserProfileViewController.swift */; };
		22BFD55B2BF3DE610064E051 /* Base in Resources */ = {isa = PBXBuildFile; fileRef = 22BFD55A2BF3DE610064E051 /* Base */; };
		22BFD55E2BF3DE610064E051 /* grAPPle.xcdatamodeld in Sources */ = {isa = PBXBuildFile; fileRef = 22BFD55C2BF3DE610064E051 /* grAPPle.xcdatamodeld */; };
		22BFD5602BF3DE620064E051 /* Assets.xcassets in Resources */ = {isa = PBXBuildFile; fileRef = 22BFD55F2BF3DE620064E051 /* Assets.xcassets */; };
		22BFD5632BF3DE620064E051 /* Base in Resources */ = {isa = PBXBuildFile; fileRef = 22BFD5622BF3DE620064E051 /* Base */; };
		22BFD56E2BF3DE620064E051 /* ChokeTrackTests.swift in Sources */ = {isa = PBXBuildFile; fileRef = 22BFD56D2BF3DE620064E051 /* ChokeTrackTests.swift */; };
		22BFD5782BF3DE620064E051 /* ChokeTrackUITests.swift in Sources */ = {isa = PBXBuildFile; fileRef = 22BFD5772BF3DE620064E051 /* ChokeTrackUITests.swift */; };
		22BFD57A2BF3DE620064E051 /* ChokeTrackUITestsLaunchTests.swift in Sources */ = {isa = PBXBuildFile; fileRef = 22BFD5792BF3DE620064E051 /* ChokeTrackUITestsLaunchTests.swift */; };
		22BFD58B2BF3EF720064E051 /* UIImageViewExtensions.swift in Sources */ = {isa = PBXBuildFile; fileRef = 22BFD58A2BF3EF720064E051 /* UIImageViewExtensions.swift */; };
		22BFD58E2BF3F78E0064E051 /* UserProfileInfoView.swift in Sources */ = {isa = PBXBuildFile; fileRef = 22BFD58D2BF3F78E0064E051 /* UserProfileInfoView.swift */; };
		22BFD5902BF3FE0A0064E051 /* UIViewExtensions.swift in Sources */ = {isa = PBXBuildFile; fileRef = 22BFD58F2BF3FE0A0064E051 /* UIViewExtensions.swift */; };
		22C9E33D2BF692FC0001324F /* UserProfileStatsTableViewCell.swift in Sources */ = {isa = PBXBuildFile; fileRef = 22C9E33C2BF692FC0001324F /* UserProfileStatsTableViewCell.swift */; };
		22C9E3402BF69C1F0001324F /* UserProfileStat.swift in Sources */ = {isa = PBXBuildFile; fileRef = 22C9E33F2BF69C1F0001324F /* UserProfileStat.swift */; };
		22F5729D2BF80636007E61AA /* UserProfileFavoriteTechniqueView.swift in Sources */ = {isa = PBXBuildFile; fileRef = 22F5729C2BF80636007E61AA /* UserProfileFavoriteTechniqueView.swift */; };
		22FD50482BF97F310075D4A8 /* UserProfileMockData.swift in Sources */ = {isa = PBXBuildFile; fileRef = 22FD50472BF97F310075D4A8 /* UserProfileMockData.swift */; };
		22FD504A2BF97F870075D4A8 /* UserProfile.swift in Sources */ = {isa = PBXBuildFile; fileRef = 22FD50492BF97F870075D4A8 /* UserProfile.swift */; };
/* End PBXBuildFile section */

/* Begin PBXContainerItemProxy section */
		22BFD56A2BF3DE620064E051 /* PBXContainerItemProxy */ = {
			isa = PBXContainerItemProxy;
			containerPortal = 22BFD5482BF3DE610064E051 /* Project object */;
			proxyType = 1;
			remoteGlobalIDString = 22BFD54F2BF3DE610064E051;
			remoteInfo = ChokeTrack;
		};
		22BFD5742BF3DE620064E051 /* PBXContainerItemProxy */ = {
			isa = PBXContainerItemProxy;
			containerPortal = 22BFD5482BF3DE610064E051 /* Project object */;
			proxyType = 1;
			remoteGlobalIDString = 22BFD54F2BF3DE610064E051;
			remoteInfo = ChokeTrack;
		};
/* End PBXContainerItemProxy section */

/* Begin PBXFileReference section */
		22093E242BF54D6C0059FC11 /* UserProfileCurrentBeltView.swift */ = {isa = PBXFileReference; lastKnownFileType = sourcecode.swift; path = UserProfileCurrentBeltView.swift; sourceTree = "<group>"; };
		220CFC222BFBD736002F3415 /* Belts.swift */ = {isa = PBXFileReference; lastKnownFileType = sourcecode.swift; path = Belts.swift; sourceTree = "<group>"; };
		220CFC252BFBF1BA002F3415 /* String.swift */ = {isa = PBXFileReference; lastKnownFileType = sourcecode.swift; path = String.swift; sourceTree = "<group>"; };
		220CFC282BFBF32F002F3415 /* en */ = {isa = PBXFileReference; lastKnownFileType = text.plist.strings; name = en; path = en.lproj/Localizable.strings; sourceTree = "<group>"; };
		220CFC2A2BFBF3B1002F3415 /* pl */ = {isa = PBXFileReference; lastKnownFileType = text.plist.strings; name = pl; path = pl.lproj/Localizable.strings; sourceTree = "<group>"; };
		221D72FC2BF8E35600D7DCEC /* Observable.swift */ = {isa = PBXFileReference; lastKnownFileType = sourcecode.swift; path = Observable.swift; sourceTree = "<group>"; };
		221D72FF2BF8E70E00D7DCEC /* UserProfileViewModel.swift */ = {isa = PBXFileReference; lastKnownFileType = sourcecode.swift; path = UserProfileViewModel.swift; sourceTree = "<group>"; };
		2257A9B12BFE8FCA00F7F412 /* es */ = {isa = PBXFileReference; lastKnownFileType = text.plist.strings; name = es; path = es.lproj/Localizable.strings; sourceTree = "<group>"; };
		22BFD5502BF3DE610064E051 /* grAPPle.app */ = {isa = PBXFileReference; explicitFileType = wrapper.application; includeInIndex = 0; path = grAPPle.app; sourceTree = BUILT_PRODUCTS_DIR; };
		22BFD5532BF3DE610064E051 /* AppDelegate.swift */ = {isa = PBXFileReference; lastKnownFileType = sourcecode.swift; path = AppDelegate.swift; sourceTree = "<group>"; };
		22BFD5552BF3DE610064E051 /* SceneDelegate.swift */ = {isa = PBXFileReference; lastKnownFileType = sourcecode.swift; path = SceneDelegate.swift; sourceTree = "<group>"; };
		22BFD5572BF3DE610064E051 /* UserProfileViewController.swift */ = {isa = PBXFileReference; lastKnownFileType = sourcecode.swift; path = UserProfileViewController.swift; sourceTree = "<group>"; };
		22BFD55A2BF3DE610064E051 /* Base */ = {isa = PBXFileReference; lastKnownFileType = file.storyboard; name = Base; path = Base.lproj/Main.storyboard; sourceTree = "<group>"; };
		22BFD55D2BF3DE610064E051 /* ChokeTrack.xcdatamodel */ = {isa = PBXFileReference; lastKnownFileType = wrapper.xcdatamodel; path = ChokeTrack.xcdatamodel; sourceTree = "<group>"; };
		22BFD55F2BF3DE620064E051 /* Assets.xcassets */ = {isa = PBXFileReference; lastKnownFileType = folder.assetcatalog; path = Assets.xcassets; sourceTree = "<group>"; };
		22BFD5622BF3DE620064E051 /* Base */ = {isa = PBXFileReference; lastKnownFileType = file.storyboard; name = Base; path = Base.lproj/LaunchScreen.storyboard; sourceTree = "<group>"; };
		22BFD5642BF3DE620064E051 /* Info.plist */ = {isa = PBXFileReference; lastKnownFileType = text.plist.xml; path = Info.plist; sourceTree = "<group>"; };
		22BFD5692BF3DE620064E051 /* grAPPleTests.xctest */ = {isa = PBXFileReference; explicitFileType = wrapper.cfbundle; includeInIndex = 0; path = grAPPleTests.xctest; sourceTree = BUILT_PRODUCTS_DIR; };
		22BFD56D2BF3DE620064E051 /* ChokeTrackTests.swift */ = {isa = PBXFileReference; lastKnownFileType = sourcecode.swift; path = ChokeTrackTests.swift; sourceTree = "<group>"; };
		22BFD5732BF3DE620064E051 /* grAPPleUITests.xctest */ = {isa = PBXFileReference; explicitFileType = wrapper.cfbundle; includeInIndex = 0; path = grAPPleUITests.xctest; sourceTree = BUILT_PRODUCTS_DIR; };
		22BFD5772BF3DE620064E051 /* ChokeTrackUITests.swift */ = {isa = PBXFileReference; lastKnownFileType = sourcecode.swift; path = ChokeTrackUITests.swift; sourceTree = "<group>"; };
		22BFD5792BF3DE620064E051 /* ChokeTrackUITestsLaunchTests.swift */ = {isa = PBXFileReference; lastKnownFileType = sourcecode.swift; path = ChokeTrackUITestsLaunchTests.swift; sourceTree = "<group>"; };
		22BFD58A2BF3EF720064E051 /* UIImageViewExtensions.swift */ = {isa = PBXFileReference; lastKnownFileType = sourcecode.swift; path = UIImageViewExtensions.swift; sourceTree = "<group>"; };
		22BFD58D2BF3F78E0064E051 /* UserProfileInfoView.swift */ = {isa = PBXFileReference; lastKnownFileType = sourcecode.swift; path = UserProfileInfoView.swift; sourceTree = "<group>"; };
		22BFD58F2BF3FE0A0064E051 /* UIViewExtensions.swift */ = {isa = PBXFileReference; lastKnownFileType = sourcecode.swift; path = UIViewExtensions.swift; sourceTree = "<group>"; };
		22C9E33C2BF692FC0001324F /* UserProfileStatsTableViewCell.swift */ = {isa = PBXFileReference; lastKnownFileType = sourcecode.swift; path = UserProfileStatsTableViewCell.swift; sourceTree = "<group>"; };
		22C9E33F2BF69C1F0001324F /* UserProfileStat.swift */ = {isa = PBXFileReference; lastKnownFileType = sourcecode.swift; path = UserProfileStat.swift; sourceTree = "<group>"; };
		22F5729C2BF80636007E61AA /* UserProfileFavoriteTechniqueView.swift */ = {isa = PBXFileReference; lastKnownFileType = sourcecode.swift; path = UserProfileFavoriteTechniqueView.swift; sourceTree = "<group>"; };
		22FD50472BF97F310075D4A8 /* UserProfileMockData.swift */ = {isa = PBXFileReference; lastKnownFileType = sourcecode.swift; path = UserProfileMockData.swift; sourceTree = "<group>"; };
		22FD50492BF97F870075D4A8 /* UserProfile.swift */ = {isa = PBXFileReference; lastKnownFileType = sourcecode.swift; path = UserProfile.swift; sourceTree = "<group>"; };
/* End PBXFileReference section */

/* Begin PBXFrameworksBuildPhase section */
		22BFD54D2BF3DE610064E051 /* Frameworks */ = {
			isa = PBXFrameworksBuildPhase;
			buildActionMask = 2147483647;
			files = (
			);
			runOnlyForDeploymentPostprocessing = 0;
		};
		22BFD5662BF3DE620064E051 /* Frameworks */ = {
			isa = PBXFrameworksBuildPhase;
			buildActionMask = 2147483647;
			files = (
			);
			runOnlyForDeploymentPostprocessing = 0;
		};
		22BFD5702BF3DE620064E051 /* Frameworks */ = {
			isa = PBXFrameworksBuildPhase;
			buildActionMask = 2147483647;
			files = (
			);
			runOnlyForDeploymentPostprocessing = 0;
		};
/* End PBXFrameworksBuildPhase section */

/* Begin PBXGroup section */
		220CFC212BFBD715002F3415 /* Enums */ = {
			isa = PBXGroup;
			children = (
				220CFC222BFBD736002F3415 /* Belts.swift */,
			);
			path = Enums;
			sourceTree = "<group>";
		};
		220CFC242BFBF174002F3415 /* Localization */ = {
			isa = PBXGroup;
			children = (
				220CFC252BFBF1BA002F3415 /* String.swift */,
				220CFC272BFBF32F002F3415 /* Localizable.strings */,
			);
			path = Localization;
			sourceTree = "<group>";
		};
		221D72FB2BF8E33100D7DCEC /* CustomObjects */ = {
			isa = PBXGroup;
			children = (
				221D72FC2BF8E35600D7DCEC /* Observable.swift */,
			);
			path = CustomObjects;
			sourceTree = "<group>";
		};
		221D72FE2BF8E6D900D7DCEC /* ViewModels */ = {
			isa = PBXGroup;
			children = (
				221D72FF2BF8E70E00D7DCEC /* UserProfileViewModel.swift */,
			);
			path = ViewModels;
			sourceTree = "<group>";
		};
		22BFD5472BF3DE610064E051 = {
			isa = PBXGroup;
			children = (
				22BFD5522BF3DE610064E051 /* ChokeTrack */,
				22BFD56C2BF3DE620064E051 /* ChokeTrackTests */,
				22BFD5762BF3DE620064E051 /* ChokeTrackUITests */,
				22BFD5512BF3DE610064E051 /* Products */,
			);
			sourceTree = "<group>";
		};
		22BFD5512BF3DE610064E051 /* Products */ = {
			isa = PBXGroup;
			children = (
				22BFD5502BF3DE610064E051 /* grAPPle.app */,
				22BFD5692BF3DE620064E051 /* grAPPleTests.xctest */,
				22BFD5732BF3DE620064E051 /* grAPPleUITests.xctest */,
			);
			name = Products;
			sourceTree = "<group>";
		};
		22BFD5522BF3DE610064E051 /* ChokeTrack */ = {
			isa = PBXGroup;
			children = (
				220CFC242BFBF174002F3415 /* Localization */,
				220CFC212BFBD715002F3415 /* Enums */,
				22FD50462BF97EE50075D4A8 /* MockData */,
				221D72FE2BF8E6D900D7DCEC /* ViewModels */,
				221D72FB2BF8E33100D7DCEC /* CustomObjects */,
				22C9E33E2BF69C0E0001324F /* Models */,
				22C9E33B2BF692C10001324F /* TableViewCells */,
				22BFD58C2BF3F7640064E051 /* ViewControllers */,
				22BFD5892BF3EF580064E051 /* UIExtensions */,
				22BFD5862BF3ECFA0064E051 /* Views */,
				22BFD5532BF3DE610064E051 /* AppDelegate.swift */,
				22BFD5552BF3DE610064E051 /* SceneDelegate.swift */,
				22BFD5592BF3DE610064E051 /* Main.storyboard */,
				22BFD55F2BF3DE620064E051 /* Assets.xcassets */,
				22BFD5612BF3DE620064E051 /* LaunchScreen.storyboard */,
				22BFD5642BF3DE620064E051 /* Info.plist */,
				22BFD55C2BF3DE610064E051 /* grAPPle.xcdatamodeld */,
			);
			path = ChokeTrack;
			sourceTree = "<group>";
		};
		22BFD56C2BF3DE620064E051 /* ChokeTrackTests */ = {
			isa = PBXGroup;
			children = (
				22BFD56D2BF3DE620064E051 /* ChokeTrackTests.swift */,
			);
			path = ChokeTrackTests;
			sourceTree = "<group>";
		};
		22BFD5762BF3DE620064E051 /* ChokeTrackUITests */ = {
			isa = PBXGroup;
			children = (
				22BFD5772BF3DE620064E051 /* ChokeTrackUITests.swift */,
				22BFD5792BF3DE620064E051 /* ChokeTrackUITestsLaunchTests.swift */,
			);
			path = ChokeTrackUITests;
			sourceTree = "<group>";
		};
		22BFD5862BF3ECFA0064E051 /* Views */ = {
			isa = PBXGroup;
			children = (
				22BFD58D2BF3F78E0064E051 /* UserProfileInfoView.swift */,
				22093E242BF54D6C0059FC11 /* UserProfileCurrentBeltView.swift */,
				22F5729C2BF80636007E61AA /* UserProfileFavoriteTechniqueView.swift */,
			);
			path = Views;
			sourceTree = "<group>";
		};
		22BFD5892BF3EF580064E051 /* UIExtensions */ = {
			isa = PBXGroup;
			children = (
				22BFD58A2BF3EF720064E051 /* UIImageViewExtensions.swift */,
				22BFD58F2BF3FE0A0064E051 /* UIViewExtensions.swift */,
			);
			path = UIExtensions;
			sourceTree = "<group>";
		};
		22BFD58C2BF3F7640064E051 /* ViewControllers */ = {
			isa = PBXGroup;
			children = (
				22BFD5572BF3DE610064E051 /* UserProfileViewController.swift */,
			);
			path = ViewControllers;
			sourceTree = "<group>";
		};
		22C9E33B2BF692C10001324F /* TableViewCells */ = {
			isa = PBXGroup;
			children = (
				22C9E33C2BF692FC0001324F /* UserProfileStatsTableViewCell.swift */,
			);
			path = TableViewCells;
			sourceTree = "<group>";
		};
		22C9E33E2BF69C0E0001324F /* Models */ = {
			isa = PBXGroup;
			children = (
				22C9E33F2BF69C1F0001324F /* UserProfileStat.swift */,
				22FD50492BF97F870075D4A8 /* UserProfile.swift */,
			);
			path = Models;
			sourceTree = "<group>";
		};
		22FD50462BF97EE50075D4A8 /* MockData */ = {
			isa = PBXGroup;
			children = (
				22FD50472BF97F310075D4A8 /* UserProfileMockData.swift */,
			);
			path = MockData;
			sourceTree = "<group>";
		};
/* End PBXGroup section */

/* Begin PBXNativeTarget section */
		22BFD54F2BF3DE610064E051 /* grAPPle */ = {
			isa = PBXNativeTarget;
			buildConfigurationList = 22BFD57D2BF3DE620064E051 /* Build configuration list for PBXNativeTarget "grAPPle" */;
			buildPhases = (
				22BFD54C2BF3DE610064E051 /* Sources */,
				22BFD54D2BF3DE610064E051 /* Frameworks */,
				22BFD54E2BF3DE610064E051 /* Resources */,
			);
			buildRules = (
			);
			dependencies = (
			);
			name = grAPPle;
			productName = ChokeTrack;
			productReference = 22BFD5502BF3DE610064E051 /* grAPPle.app */;
			productType = "com.apple.product-type.application";
		};
		22BFD5682BF3DE620064E051 /* grAPPleTests */ = {
			isa = PBXNativeTarget;
			buildConfigurationList = 22BFD5802BF3DE620064E051 /* Build configuration list for PBXNativeTarget "grAPPleTests" */;
			buildPhases = (
				22BFD5652BF3DE620064E051 /* Sources */,
				22BFD5662BF3DE620064E051 /* Frameworks */,
				22BFD5672BF3DE620064E051 /* Resources */,
			);
			buildRules = (
			);
			dependencies = (
				22BFD56B2BF3DE620064E051 /* PBXTargetDependency */,
			);
			name = grAPPleTests;
			productName = ChokeTrackTests;
			productReference = 22BFD5692BF3DE620064E051 /* grAPPleTests.xctest */;
			productType = "com.apple.product-type.bundle.unit-test";
		};
		22BFD5722BF3DE620064E051 /* grAPPleUITests */ = {
			isa = PBXNativeTarget;
			buildConfigurationList = 22BFD5832BF3DE620064E051 /* Build configuration list for PBXNativeTarget "grAPPleUITests" */;
			buildPhases = (
				22BFD56F2BF3DE620064E051 /* Sources */,
				22BFD5702BF3DE620064E051 /* Frameworks */,
				22BFD5712BF3DE620064E051 /* Resources */,
			);
			buildRules = (
			);
			dependencies = (
				22BFD5752BF3DE620064E051 /* PBXTargetDependency */,
			);
			name = grAPPleUITests;
			productName = ChokeTrackUITests;
			productReference = 22BFD5732BF3DE620064E051 /* grAPPleUITests.xctest */;
			productType = "com.apple.product-type.bundle.ui-testing";
		};
/* End PBXNativeTarget section */

/* Begin PBXProject section */
		22BFD5482BF3DE610064E051 /* Project object */ = {
			isa = PBXProject;
			attributes = {
				BuildIndependentTargetsInParallel = 1;
				LastSwiftUpdateCheck = 1530;
				LastUpgradeCheck = 1530;
				TargetAttributes = {
					22BFD54F2BF3DE610064E051 = {
						CreatedOnToolsVersion = 15.3;
					};
					22BFD5682BF3DE620064E051 = {
						CreatedOnToolsVersion = 15.3;
						TestTargetID = 22BFD54F2BF3DE610064E051;
					};
					22BFD5722BF3DE620064E051 = {
						CreatedOnToolsVersion = 15.3;
						TestTargetID = 22BFD54F2BF3DE610064E051;
					};
				};
			};
			buildConfigurationList = 22BFD54B2BF3DE610064E051 /* Build configuration list for PBXProject "grAPPle" */;
			compatibilityVersion = "Xcode 14.0";
			developmentRegion = en;
			hasScannedForEncodings = 0;
			knownRegions = (
				en,
				Base,
				pl,
				es,
			);
			mainGroup = 22BFD5472BF3DE610064E051;
			productRefGroup = 22BFD5512BF3DE610064E051 /* Products */;
			projectDirPath = "";
			projectRoot = "";
			targets = (
				22BFD54F2BF3DE610064E051 /* grAPPle */,
				22BFD5682BF3DE620064E051 /* grAPPleTests */,
				22BFD5722BF3DE620064E051 /* grAPPleUITests */,
			);
		};
/* End PBXProject section */

/* Begin PBXResourcesBuildPhase section */
		22BFD54E2BF3DE610064E051 /* Resources */ = {
			isa = PBXResourcesBuildPhase;
			buildActionMask = 2147483647;
			files = (
				22BFD5602BF3DE620064E051 /* Assets.xcassets in Resources */,
				220CFC292BFBF32F002F3415 /* Localizable.strings in Resources */,
				22BFD5632BF3DE620064E051 /* Base in Resources */,
				22BFD55B2BF3DE610064E051 /* Base in Resources */,
			);
			runOnlyForDeploymentPostprocessing = 0;
		};
		22BFD5672BF3DE620064E051 /* Resources */ = {
			isa = PBXResourcesBuildPhase;
			buildActionMask = 2147483647;
			files = (
			);
			runOnlyForDeploymentPostprocessing = 0;
		};
		22BFD5712BF3DE620064E051 /* Resources */ = {
			isa = PBXResourcesBuildPhase;
			buildActionMask = 2147483647;
			files = (
			);
			runOnlyForDeploymentPostprocessing = 0;
		};
/* End PBXResourcesBuildPhase section */

/* Begin PBXSourcesBuildPhase section */
		22BFD54C2BF3DE610064E051 /* Sources */ = {
			isa = PBXSourcesBuildPhase;
			buildActionMask = 2147483647;
			files = (
				220CFC232BFBD736002F3415 /* Belts.swift in Sources */,
				22093E252BF54D6C0059FC11 /* UserProfileCurrentBeltView.swift in Sources */,
				22BFD5582BF3DE610064E051 /* UserProfileViewController.swift in Sources */,
				22FD504A2BF97F870075D4A8 /* UserProfile.swift in Sources */,
				22C9E3402BF69C1F0001324F /* UserProfileStat.swift in Sources */,
				22BFD5542BF3DE610064E051 /* AppDelegate.swift in Sources */,
				221D72FD2BF8E35600D7DCEC /* Observable.swift in Sources */,
				22BFD55E2BF3DE610064E051 /* grAPPle.xcdatamodeld in Sources */,
				22FD50482BF97F310075D4A8 /* UserProfileMockData.swift in Sources */,
				221D73002BF8E70E00D7DCEC /* UserProfileViewModel.swift in Sources */,
				22BFD58B2BF3EF720064E051 /* UIImageViewExtensions.swift in Sources */,
				22BFD5562BF3DE610064E051 /* SceneDelegate.swift in Sources */,
				220CFC262BFBF1BA002F3415 /* String.swift in Sources */,
				22C9E33D2BF692FC0001324F /* UserProfileStatsTableViewCell.swift in Sources */,
				22BFD58E2BF3F78E0064E051 /* UserProfileInfoView.swift in Sources */,
				22F5729D2BF80636007E61AA /* UserProfileFavoriteTechniqueView.swift in Sources */,
				22BFD5902BF3FE0A0064E051 /* UIViewExtensions.swift in Sources */,
			);
			runOnlyForDeploymentPostprocessing = 0;
		};
		22BFD5652BF3DE620064E051 /* Sources */ = {
			isa = PBXSourcesBuildPhase;
			buildActionMask = 2147483647;
			files = (
				22BFD56E2BF3DE620064E051 /* ChokeTrackTests.swift in Sources */,
			);
			runOnlyForDeploymentPostprocessing = 0;
		};
		22BFD56F2BF3DE620064E051 /* Sources */ = {
			isa = PBXSourcesBuildPhase;
			buildActionMask = 2147483647;
			files = (
				22BFD5782BF3DE620064E051 /* ChokeTrackUITests.swift in Sources */,
				22BFD57A2BF3DE620064E051 /* ChokeTrackUITestsLaunchTests.swift in Sources */,
			);
			runOnlyForDeploymentPostprocessing = 0;
		};
/* End PBXSourcesBuildPhase section */

/* Begin PBXTargetDependency section */
		22BFD56B2BF3DE620064E051 /* PBXTargetDependency */ = {
			isa = PBXTargetDependency;
			target = 22BFD54F2BF3DE610064E051 /* grAPPle */;
			targetProxy = 22BFD56A2BF3DE620064E051 /* PBXContainerItemProxy */;
		};
		22BFD5752BF3DE620064E051 /* PBXTargetDependency */ = {
			isa = PBXTargetDependency;
			target = 22BFD54F2BF3DE610064E051 /* grAPPle */;
			targetProxy = 22BFD5742BF3DE620064E051 /* PBXContainerItemProxy */;
		};
/* End PBXTargetDependency section */

/* Begin PBXVariantGroup section */
		220CFC272BFBF32F002F3415 /* Localizable.strings */ = {
			isa = PBXVariantGroup;
			children = (
				220CFC282BFBF32F002F3415 /* en */,
				220CFC2A2BFBF3B1002F3415 /* pl */,
				2257A9B12BFE8FCA00F7F412 /* es */,
			);
			name = Localizable.strings;
			sourceTree = "<group>";
		};
		22BFD5592BF3DE610064E051 /* Main.storyboard */ = {
			isa = PBXVariantGroup;
			children = (
				22BFD55A2BF3DE610064E051 /* Base */,
			);
			name = Main.storyboard;
			sourceTree = "<group>";
		};
		22BFD5612BF3DE620064E051 /* LaunchScreen.storyboard */ = {
			isa = PBXVariantGroup;
			children = (
				22BFD5622BF3DE620064E051 /* Base */,
			);
			name = LaunchScreen.storyboard;
			sourceTree = "<group>";
		};
/* End PBXVariantGroup section */

/* Begin XCBuildConfiguration section */
		22BFD57B2BF3DE620064E051 /* Debug */ = {
			isa = XCBuildConfiguration;
			buildSettings = {
				ALWAYS_SEARCH_USER_PATHS = NO;
				ASSETCATALOG_COMPILER_GENERATE_SWIFT_ASSET_SYMBOL_EXTENSIONS = YES;
				CLANG_ANALYZER_LOCALIZABILITY_NONLOCALIZED = YES;
				CLANG_ANALYZER_NONNULL = YES;
				CLANG_ANALYZER_NUMBER_OBJECT_CONVERSION = YES_AGGRESSIVE;
				CLANG_CXX_LANGUAGE_STANDARD = "gnu++20";
				CLANG_ENABLE_MODULES = YES;
				CLANG_ENABLE_OBJC_ARC = YES;
				CLANG_ENABLE_OBJC_WEAK = YES;
				CLANG_WARN_BLOCK_CAPTURE_AUTORELEASING = YES;
				CLANG_WARN_BOOL_CONVERSION = YES;
				CLANG_WARN_COMMA = YES;
				CLANG_WARN_CONSTANT_CONVERSION = YES;
				CLANG_WARN_DEPRECATED_OBJC_IMPLEMENTATIONS = YES;
				CLANG_WARN_DIRECT_OBJC_ISA_USAGE = YES_ERROR;
				CLANG_WARN_DOCUMENTATION_COMMENTS = YES;
				CLANG_WARN_EMPTY_BODY = YES;
				CLANG_WARN_ENUM_CONVERSION = YES;
				CLANG_WARN_INFINITE_RECURSION = YES;
				CLANG_WARN_INT_CONVERSION = YES;
				CLANG_WARN_NON_LITERAL_NULL_CONVERSION = YES;
				CLANG_WARN_OBJC_IMPLICIT_RETAIN_SELF = YES;
				CLANG_WARN_OBJC_LITERAL_CONVERSION = YES;
				CLANG_WARN_OBJC_ROOT_CLASS = YES_ERROR;
				CLANG_WARN_QUOTED_INCLUDE_IN_FRAMEWORK_HEADER = YES;
				CLANG_WARN_RANGE_LOOP_ANALYSIS = YES;
				CLANG_WARN_STRICT_PROTOTYPES = YES;
				CLANG_WARN_SUSPICIOUS_MOVE = YES;
				CLANG_WARN_UNGUARDED_AVAILABILITY = YES_AGGRESSIVE;
				CLANG_WARN_UNREACHABLE_CODE = YES;
				CLANG_WARN__DUPLICATE_METHOD_MATCH = YES;
				COPY_PHASE_STRIP = NO;
				DEBUG_INFORMATION_FORMAT = dwarf;
				ENABLE_STRICT_OBJC_MSGSEND = YES;
				ENABLE_TESTABILITY = YES;
				ENABLE_USER_SCRIPT_SANDBOXING = YES;
				GCC_C_LANGUAGE_STANDARD = gnu17;
				GCC_DYNAMIC_NO_PIC = NO;
				GCC_NO_COMMON_BLOCKS = YES;
				GCC_OPTIMIZATION_LEVEL = 0;
				GCC_PREPROCESSOR_DEFINITIONS = (
					"DEBUG=1",
					"$(inherited)",
				);
				GCC_WARN_64_TO_32_BIT_CONVERSION = YES;
				GCC_WARN_ABOUT_RETURN_TYPE = YES_ERROR;
				GCC_WARN_UNDECLARED_SELECTOR = YES;
				GCC_WARN_UNINITIALIZED_AUTOS = YES_AGGRESSIVE;
				GCC_WARN_UNUSED_FUNCTION = YES;
				GCC_WARN_UNUSED_VARIABLE = YES;
				IPHONEOS_DEPLOYMENT_TARGET = 17.4;
				LOCALIZATION_PREFERS_STRING_CATALOGS = YES;
				MTL_ENABLE_DEBUG_INFO = INCLUDE_SOURCE;
				MTL_FAST_MATH = YES;
				ONLY_ACTIVE_ARCH = YES;
				SDKROOT = iphoneos;
				SWIFT_ACTIVE_COMPILATION_CONDITIONS = "DEBUG $(inherited)";
				SWIFT_OPTIMIZATION_LEVEL = "-Onone";
			};
			name = Debug;
		};
		22BFD57C2BF3DE620064E051 /* Release */ = {
			isa = XCBuildConfiguration;
			buildSettings = {
				ALWAYS_SEARCH_USER_PATHS = NO;
				ASSETCATALOG_COMPILER_GENERATE_SWIFT_ASSET_SYMBOL_EXTENSIONS = YES;
				CLANG_ANALYZER_LOCALIZABILITY_NONLOCALIZED = YES;
				CLANG_ANALYZER_NONNULL = YES;
				CLANG_ANALYZER_NUMBER_OBJECT_CONVERSION = YES_AGGRESSIVE;
				CLANG_CXX_LANGUAGE_STANDARD = "gnu++20";
				CLANG_ENABLE_MODULES = YES;
				CLANG_ENABLE_OBJC_ARC = YES;
				CLANG_ENABLE_OBJC_WEAK = YES;
				CLANG_WARN_BLOCK_CAPTURE_AUTORELEASING = YES;
				CLANG_WARN_BOOL_CONVERSION = YES;
				CLANG_WARN_COMMA = YES;
				CLANG_WARN_CONSTANT_CONVERSION = YES;
				CLANG_WARN_DEPRECATED_OBJC_IMPLEMENTATIONS = YES;
				CLANG_WARN_DIRECT_OBJC_ISA_USAGE = YES_ERROR;
				CLANG_WARN_DOCUMENTATION_COMMENTS = YES;
				CLANG_WARN_EMPTY_BODY = YES;
				CLANG_WARN_ENUM_CONVERSION = YES;
				CLANG_WARN_INFINITE_RECURSION = YES;
				CLANG_WARN_INT_CONVERSION = YES;
				CLANG_WARN_NON_LITERAL_NULL_CONVERSION = YES;
				CLANG_WARN_OBJC_IMPLICIT_RETAIN_SELF = YES;
				CLANG_WARN_OBJC_LITERAL_CONVERSION = YES;
				CLANG_WARN_OBJC_ROOT_CLASS = YES_ERROR;
				CLANG_WARN_QUOTED_INCLUDE_IN_FRAMEWORK_HEADER = YES;
				CLANG_WARN_RANGE_LOOP_ANALYSIS = YES;
				CLANG_WARN_STRICT_PROTOTYPES = YES;
				CLANG_WARN_SUSPICIOUS_MOVE = YES;
				CLANG_WARN_UNGUARDED_AVAILABILITY = YES_AGGRESSIVE;
				CLANG_WARN_UNREACHABLE_CODE = YES;
				CLANG_WARN__DUPLICATE_METHOD_MATCH = YES;
				COPY_PHASE_STRIP = NO;
				DEBUG_INFORMATION_FORMAT = "dwarf-with-dsym";
				ENABLE_NS_ASSERTIONS = NO;
				ENABLE_STRICT_OBJC_MSGSEND = YES;
				ENABLE_USER_SCRIPT_SANDBOXING = YES;
				GCC_C_LANGUAGE_STANDARD = gnu17;
				GCC_NO_COMMON_BLOCKS = YES;
				GCC_WARN_64_TO_32_BIT_CONVERSION = YES;
				GCC_WARN_ABOUT_RETURN_TYPE = YES_ERROR;
				GCC_WARN_UNDECLARED_SELECTOR = YES;
				GCC_WARN_UNINITIALIZED_AUTOS = YES_AGGRESSIVE;
				GCC_WARN_UNUSED_FUNCTION = YES;
				GCC_WARN_UNUSED_VARIABLE = YES;
				IPHONEOS_DEPLOYMENT_TARGET = 17.4;
				LOCALIZATION_PREFERS_STRING_CATALOGS = YES;
				MTL_ENABLE_DEBUG_INFO = NO;
				MTL_FAST_MATH = YES;
				SDKROOT = iphoneos;
				SWIFT_COMPILATION_MODE = wholemodule;
				VALIDATE_PRODUCT = YES;
			};
			name = Release;
		};
		22BFD57E2BF3DE620064E051 /* Debug */ = {
			isa = XCBuildConfiguration;
			buildSettings = {
				ASSETCATALOG_COMPILER_APPICON_NAME = AppIcon;
				ASSETCATALOG_COMPILER_GLOBAL_ACCENT_COLOR_NAME = AccentColor;
				CODE_SIGN_STYLE = Automatic;
				CURRENT_PROJECT_VERSION = 1;
				DEVELOPMENT_TEAM = S37782KQ48;
				GENERATE_INFOPLIST_FILE = YES;
				INFOPLIST_FILE = ChokeTrack/Info.plist;
				INFOPLIST_KEY_UIApplicationSupportsIndirectInputEvents = YES;
				INFOPLIST_KEY_UILaunchStoryboardName = LaunchScreen;
				INFOPLIST_KEY_UISupportedInterfaceOrientations = UIInterfaceOrientationPortrait;
				LD_RUNPATH_SEARCH_PATHS = (
					"$(inherited)",
					"@executable_path/Frameworks",
				);
				MARKETING_VERSION = 1.0;
				PRODUCT_BUNDLE_IDENTIFIER = com.pcz.ChokeTrack;
				PRODUCT_NAME = "$(TARGET_NAME)";
				SUPPORTED_PLATFORMS = "iphoneos iphonesimulator";
				SUPPORTS_MACCATALYST = NO;
				SUPPORTS_MAC_DESIGNED_FOR_IPHONE_IPAD = NO;
				SUPPORTS_XR_DESIGNED_FOR_IPHONE_IPAD = NO;
				SWIFT_EMIT_LOC_STRINGS = YES;
				SWIFT_VERSION = 5.0;
				TARGETED_DEVICE_FAMILY = "1,2";
			};
			name = Debug;
		};
		22BFD57F2BF3DE620064E051 /* Release */ = {
			isa = XCBuildConfiguration;
			buildSettings = {
				ASSETCATALOG_COMPILER_APPICON_NAME = AppIcon;
				ASSETCATALOG_COMPILER_GLOBAL_ACCENT_COLOR_NAME = AccentColor;
				CODE_SIGN_STYLE = Automatic;
				CURRENT_PROJECT_VERSION = 1;
				DEVELOPMENT_TEAM = S37782KQ48;
				GENERATE_INFOPLIST_FILE = YES;
				INFOPLIST_FILE = ChokeTrack/Info.plist;
				INFOPLIST_KEY_UIApplicationSupportsIndirectInputEvents = YES;
				INFOPLIST_KEY_UILaunchStoryboardName = LaunchScreen;
				INFOPLIST_KEY_UISupportedInterfaceOrientations = UIInterfaceOrientationPortrait;
				LD_RUNPATH_SEARCH_PATHS = (
					"$(inherited)",
					"@executable_path/Frameworks",
				);
				MARKETING_VERSION = 1.0;
				PRODUCT_BUNDLE_IDENTIFIER = com.pcz.ChokeTrack;
				PRODUCT_NAME = "$(TARGET_NAME)";
				SUPPORTED_PLATFORMS = "iphoneos iphonesimulator";
				SUPPORTS_MACCATALYST = NO;
				SUPPORTS_MAC_DESIGNED_FOR_IPHONE_IPAD = NO;
				SUPPORTS_XR_DESIGNED_FOR_IPHONE_IPAD = NO;
				SWIFT_EMIT_LOC_STRINGS = YES;
				SWIFT_VERSION = 5.0;
				TARGETED_DEVICE_FAMILY = "1,2";
			};
			name = Release;
		};
		22BFD5812BF3DE620064E051 /* Debug */ = {
			isa = XCBuildConfiguration;
			buildSettings = {
				ALWAYS_EMBED_SWIFT_STANDARD_LIBRARIES = YES;
				BUNDLE_LOADER = "$(TEST_HOST)";
				CODE_SIGN_STYLE = Automatic;
				CURRENT_PROJECT_VERSION = 1;
				DEVELOPMENT_TEAM = S37782KQ48;
				GENERATE_INFOPLIST_FILE = YES;
				IPHONEOS_DEPLOYMENT_TARGET = 17.4;
				MARKETING_VERSION = 1.0;
				PRODUCT_BUNDLE_IDENTIFIER = com.pcz.ChokeTrackTests;
				PRODUCT_NAME = "$(TARGET_NAME)";
				SWIFT_EMIT_LOC_STRINGS = NO;
				SWIFT_VERSION = 5.0;
				TARGETED_DEVICE_FAMILY = "1,2";
				TEST_HOST = "$(BUILT_PRODUCTS_DIR)/grAPPle.app/$(BUNDLE_EXECUTABLE_FOLDER_PATH)/grAPPle";
			};
			name = Debug;
		};
		22BFD5822BF3DE620064E051 /* Release */ = {
			isa = XCBuildConfiguration;
			buildSettings = {
				ALWAYS_EMBED_SWIFT_STANDARD_LIBRARIES = YES;
				BUNDLE_LOADER = "$(TEST_HOST)";
				CODE_SIGN_STYLE = Automatic;
				CURRENT_PROJECT_VERSION = 1;
				DEVELOPMENT_TEAM = S37782KQ48;
				GENERATE_INFOPLIST_FILE = YES;
				IPHONEOS_DEPLOYMENT_TARGET = 17.4;
				MARKETING_VERSION = 1.0;
				PRODUCT_BUNDLE_IDENTIFIER = com.pcz.ChokeTrackTests;
				PRODUCT_NAME = "$(TARGET_NAME)";
				SWIFT_EMIT_LOC_STRINGS = NO;
				SWIFT_VERSION = 5.0;
				TARGETED_DEVICE_FAMILY = "1,2";
				TEST_HOST = "$(BUILT_PRODUCTS_DIR)/grAPPle.app/$(BUNDLE_EXECUTABLE_FOLDER_PATH)/grAPPle";
			};
			name = Release;
		};
		22BFD5842BF3DE620064E051 /* Debug */ = {
			isa = XCBuildConfiguration;
			buildSettings = {
				ALWAYS_EMBED_SWIFT_STANDARD_LIBRARIES = YES;
				CODE_SIGN_STYLE = Automatic;
				CURRENT_PROJECT_VERSION = 1;
				DEVELOPMENT_TEAM = S37782KQ48;
				GENERATE_INFOPLIST_FILE = YES;
				MARKETING_VERSION = 1.0;
				PRODUCT_BUNDLE_IDENTIFIER = com.pcz.ChokeTrackUITests;
				PRODUCT_NAME = "$(TARGET_NAME)";
				SWIFT_EMIT_LOC_STRINGS = NO;
				SWIFT_VERSION = 5.0;
				TARGETED_DEVICE_FAMILY = "1,2";
				TEST_TARGET_NAME = ChokeTrack;
			};
			name = Debug;
		};
		22BFD5852BF3DE620064E051 /* Release */ = {
			isa = XCBuildConfiguration;
			buildSettings = {
				ALWAYS_EMBED_SWIFT_STANDARD_LIBRARIES = YES;
				CODE_SIGN_STYLE = Automatic;
				CURRENT_PROJECT_VERSION = 1;
				DEVELOPMENT_TEAM = S37782KQ48;
				GENERATE_INFOPLIST_FILE = YES;
				MARKETING_VERSION = 1.0;
				PRODUCT_BUNDLE_IDENTIFIER = com.pcz.ChokeTrackUITests;
				PRODUCT_NAME = "$(TARGET_NAME)";
				SWIFT_EMIT_LOC_STRINGS = NO;
				SWIFT_VERSION = 5.0;
				TARGETED_DEVICE_FAMILY = "1,2";
				TEST_TARGET_NAME = ChokeTrack;
			};
			name = Release;
		};
/* End XCBuildConfiguration section */

/* Begin XCConfigurationList section */
		22BFD54B2BF3DE610064E051 /* Build configuration list for PBXProject "grAPPle" */ = {
			isa = XCConfigurationList;
			buildConfigurations = (
				22BFD57B2BF3DE620064E051 /* Debug */,
				22BFD57C2BF3DE620064E051 /* Release */,
			);
			defaultConfigurationIsVisible = 0;
			defaultConfigurationName = Release;
		};
		22BFD57D2BF3DE620064E051 /* Build configuration list for PBXNativeTarget "grAPPle" */ = {
			isa = XCConfigurationList;
			buildConfigurations = (
				22BFD57E2BF3DE620064E051 /* Debug */,
				22BFD57F2BF3DE620064E051 /* Release */,
			);
			defaultConfigurationIsVisible = 0;
			defaultConfigurationName = Release;
		};
		22BFD5802BF3DE620064E051 /* Build configuration list for PBXNativeTarget "grAPPleTests" */ = {
			isa = XCConfigurationList;
			buildConfigurations = (
				22BFD5812BF3DE620064E051 /* Debug */,
				22BFD5822BF3DE620064E051 /* Release */,
			);
			defaultConfigurationIsVisible = 0;
			defaultConfigurationName = Release;
		};
		22BFD5832BF3DE620064E051 /* Build configuration list for PBXNativeTarget "grAPPleUITests" */ = {
			isa = XCConfigurationList;
			buildConfigurations = (
				22BFD5842BF3DE620064E051 /* Debug */,
				22BFD5852BF3DE620064E051 /* Release */,
			);
			defaultConfigurationIsVisible = 0;
			defaultConfigurationName = Release;
		};
/* End XCConfigurationList section */

/* Begin XCVersionGroup section */
		22BFD55C2BF3DE610064E051 /* grAPPle.xcdatamodeld */ = {
			isa = XCVersionGroup;
			children = (
				22BFD55D2BF3DE610064E051 /* ChokeTrack.xcdatamodel */,
			);
			currentVersion = 22BFD55D2BF3DE610064E051 /* ChokeTrack.xcdatamodel */;
			path = grAPPle.xcdatamodeld;
			sourceTree = "<group>";
			versionGroupType = wrapper.xcdatamodel;
		};
/* End XCVersionGroup section */
	};
	rootObject = 22BFD5482BF3DE610064E051 /* Project object */;
}
